<Solution>
  <Folder Name="/Application/">
    <Project Path="Application/ProjectCowork.Core/ProjectCowork.Core.csproj" />
  </Folder>
  <Folder Name="/Application/Features/">
    <Project Path="Application/ProjectCowork.Core.Features.ProjectPosting/ProjectCowork.Core.Features.ProjectPosting.csproj" />
    <Project Path="Application/ProjectCowork.Core.Features.User/ProjectCowork.Core.Features.User.csproj" />
    <Project Path="Application\ProjectCowork.Core.Features.Project\ProjectCowork.Core.Features.Project.csproj" />
  </Folder>
  <Folder Name="/Domain/">
    <Project Path="Domain/ProjectCowork.Domain.Exceptions/ProjectCowork.Domain.Exceptions.csproj" />
    <Project Path="Domain/ProjectCowork.Domain/ProjectCowork.Domain.csproj" />
  </Folder>
  <Folder Name="/Infrastructure/">
    <Project Path="Infrastructure/ProjectCowork.Infrastructure.Abstractions/ProjectCowork.Infrastructure.Abstractions.csproj" />
    <Project Path="Infrastructure/ProjectCowork.Infrastructure.Authorization/ProjectCowork.Infrastructure.Authorization.csproj" />
    <Project Path="Infrastructure/ProjectCowork.Infrastructure.Configuration/ProjectCowork.Infrastructure.Configuration.csproj" />
    <Project Path="Infrastructure/ProjectCowork.Infrastructure/ProjectCowork.Infrastructure.csproj" />
  </Folder>
  <Folder Name="/Infrastructure/Domain/">
    <Project Path="Infrastructure/ProjectCowork.Infrastructure.Domain/ProjectCowork.Infrastructure.Domain.csproj" />
    <Project Path="Infrastructure/ProjectCowork.Infrastructure.DomainEvents/ProjectCowork.Infrastructure.DomainEvents.csproj" />
  </Folder>
  <Folder Name="/Infrastructure/Integrations/">
    <Project Path="Infrastructure/ProjectCowork.Infrastructure.Integrations.AzureBlob/ProjectCowork.Infrastructure.Integrations.AzureBlob.csproj" />
    <Project Path="Infrastructure/ProjectCowork.Infrastructure.Integrations/ProjectCowork.Infrastructure.Integrations.csproj" />
  </Folder>
  <Folder Name="/Infrastructure/Persistence/">
    <Project Path="Infrastructure\ProjectCowork.Infrastructure.Persistence\ProjectCowork.Infrastructure.Persistence.csproj" />
  </Folder>
  <Folder Name="/Web/">
    <Project Path="Web/ProjectCowork.Api/ProjectCowork.Api.csproj" />
    <Project Path="Web/ProjectCowork.App/ProjectCowork.App.esproj" />
  </Folder>
</Solution>
